
Microsoft Visual Studio Solution File, Format Version 12.00
# Visual Studio Version 16
VisualStudioVersion = 16.0.30717.126
MinimumVisualStudioVersion = 10.0.40219.1
Project("{2150E333-8FDC-42A3-9474-1A3956D46DE8}") = "Services", "Services", "{8300E998-A90C-437C-93E5-EC7CE79C0776}"
EndProject
Project("{2150E333-8FDC-42A3-9474-1A3956D46DE8}") = "Catalog", "Catalog", "{4D313676-403F-490B-BC9B-CB185A97402F}"
EndProject
Project("{9A19103F-16F7-4668-BE54-9A1E7A4F7556}") = "Catalog.API", "Services\Catalog\Catalog.API\Catalog.API.csproj", "{6CF67491-F620-4289-A6F4-A0F08364CF7E}"
EndProject
Project("{E53339B2-1760-4266-BCC7-CA923CBCF16C}") = "docker-compose", "docker-compose.dcproj", "{F81C78FC-AE48-4CF4-A619-EB7966EB4E79}"
EndProject
Project("{2150E333-8FDC-42A3-9474-1A3956D46DE8}") = "Basket", "Basket", "{37AFBAE8-0F11-4DAD-8D28-70BA757BA9F0}"
EndProject
Project("{9A19103F-16F7-4668-BE54-9A1E7A4F7556}") = "Basket.API", "Services\Basket\Basket.API\Basket.API.csproj", "{7C9741C5-4718-4E5F-95A6-C8E55DA36262}"
EndProject
Project("{2150E333-8FDC-42A3-9474-1A3956D46DE8}") = "Discount", "Discount", "{CAA5D808-5410-496A-A3C9-DD404774499E}"
EndProject
Project("{FAE04EC0-301F-11D3-BF4B-00C04F79EFBC}") = "Discount.API", "Services\Discount\Discount.API\Discount.API.csproj", "{01FEB43C-7A1E-46E0-B04D-4A86D7A152ED}"
EndProject
Global
	GlobalSection(SolutionConfigurationPlatforms) = preSolution
		Debug|Any CPU = Debug|Any CPU
		Release|Any CPU = Release|Any CPU
	EndGlobalSection
	GlobalSection(ProjectConfigurationPlatforms) = postSolution
		{6CF67491-F620-4289-A6F4-A0F08364CF7E}.Debug|Any CPU.ActiveCfg = Debug|Any CPU
		{6CF67491-F620-4289-A6F4-A0F08364CF7E}.Debug|Any CPU.Build.0 = Debug|Any CPU
		{6CF67491-F620-4289-A6F4-A0F08364CF7E}.Release|Any CPU.ActiveCfg = Release|Any CPU
		{6CF67491-F620-4289-A6F4-A0F08364CF7E}.Release|Any CPU.Build.0 = Release|Any CPU
		{F81C78FC-AE48-4CF4-A619-EB7966EB4E79}.Debug|Any CPU.ActiveCfg = Debug|Any CPU
		{F81C78FC-AE48-4CF4-A619-EB7966EB4E79}.Debug|Any CPU.Build.0 = Debug|Any CPU
		{F81C78FC-AE48-4CF4-A619-EB7966EB4E79}.Release|Any CPU.ActiveCfg = Release|Any CPU
		{F81C78FC-AE48-4CF4-A619-EB7966EB4E79}.Release|Any CPU.Build.0 = Release|Any CPU
		{7C9741C5-4718-4E5F-95A6-C8E55DA36262}.Debug|Any CPU.ActiveCfg = Debug|Any CPU
		{7C9741C5-4718-4E5F-95A6-C8E55DA36262}.Debug|Any CPU.Build.0 = Debug|Any CPU
		{7C9741C5-4718-4E5F-95A6-C8E55DA36262}.Release|Any CPU.ActiveCfg = Release|Any CPU
		{7C9741C5-4718-4E5F-95A6-C8E55DA36262}.Release|Any CPU.Build.0 = Release|Any CPU
		{01FEB43C-7A1E-46E0-B04D-4A86D7A152ED}.Debug|Any CPU.ActiveCfg = Debug|Any CPU
		{01FEB43C-7A1E-46E0-B04D-4A86D7A152ED}.Debug|Any CPU.Build.0 = Debug|Any CPU
		{01FEB43C-7A1E-46E0-B04D-4A86D7A152ED}.Release|Any CPU.ActiveCfg = Release|Any CPU
		{01FEB43C-7A1E-46E0-B04D-4A86D7A152ED}.Release|Any CPU.Build.0 = Release|Any CPU
	EndGlobalSection
	GlobalSection(SolutionProperties) = preSolution
		HideSolutionNode = FALSE
	EndGlobalSection
	GlobalSection(NestedProjects) = preSolution
		{4D313676-403F-490B-BC9B-CB185A97402F} = {8300E998-A90C-437C-93E5-EC7CE79C0776}
		{6CF67491-F620-4289-A6F4-A0F08364CF7E} = {4D313676-403F-490B-BC9B-CB185A97402F}
		{37AFBAE8-0F11-4DAD-8D28-70BA757BA9F0} = {8300E998-A90C-437C-93E5-EC7CE79C0776}
		{7C9741C5-4718-4E5F-95A6-C8E55DA36262} = {37AFBAE8-0F11-4DAD-8D28-70BA757BA9F0}
		{CAA5D808-5410-496A-A3C9-DD404774499E} = {8300E998-A90C-437C-93E5-EC7CE79C0776}
		{01FEB43C-7A1E-46E0-B04D-4A86D7A152ED} = {CAA5D808-5410-496A-A3C9-DD404774499E}
	EndGlobalSection
	GlobalSection(ExtensibilityGlobals) = postSolution
		SolutionGuid = {8428E3A3-5257-4745-A8D5-C7D608595033}
	EndGlobalSection
EndGlobal
